
Microsoft Visual Studio Solution File, Format Version 12.00
# Visual Studio Version 16
VisualStudioVersion = 16.0.32126.315
MinimumVisualStudioVersion = 10.0.40219.1
Project("{FAE04EC0-301F-11D3-BF4B-00C04F79EFBC}") = "Tic-Tac-Checkers", "Tic-Tac-Checkers.csproj", "{689CE3B3-CF1B-4005-BDCD-1EC0D65EA1AD}"
EndProject
Global
	GlobalSection(SolutionConfigurationPlatforms) = preSolution
		Debug|Any CPU = Debug|Any CPU
		Release|Any CPU = Release|Any CPU
	EndGlobalSection
	GlobalSection(ProjectConfigurationPlatforms) = postSolution
		{689CE3B3-CF1B-4005-BDCD-1EC0D65EA1AD}.Debug|Any CPU.ActiveCfg = Debug|Any CPU
		{689CE3B3-CF1B-4005-BDCD-1EC0D65EA1AD}.Debug|Any CPU.Build.0 = Debug|Any CPU
		{689CE3B3-CF1B-4005-BDCD-1EC0D65EA1AD}.Release|Any CPU.ActiveCfg = Release|Any CPU
		{689CE3B3-CF1B-4005-BDCD-1EC0D65EA1AD}.Release|Any CPU.Build.0 = Release|Any CPU
	EndGlobalSection
	GlobalSection(SolutionProperties) = preSolution
		HideSolutionNode = FALSE
	EndGlobalSection
	GlobalSection(ExtensibilityGlobals) = postSolution
		SolutionGuid = {6165EB2E-8853-467E-80E6-99D04EBCABD5}
	EndGlobalSection
EndGlobal
